
Microsoft Visual Studio Solution File, Format Version 12.00
# Visual Studio Version 17
VisualStudioVersion = 17.12.35527.113 d17.12
MinimumVisualStudioVersion = 10.0.40219.1
Project("{FAE04EC0-301F-11D3-BF4B-00C04F79EFBC}") = "CalculatriceC#", "CalculatriceC#\CalculatriceC#.csproj", "{419E4FE2-6403-456A-A463-6BF32C2759EC}"
EndProject
Global
	GlobalSection(SolutionConfigurationPlatforms) = preSolution
		Debug|Any CPU = Debug|Any CPU
		Release|Any CPU = Release|Any CPU
	EndGlobalSection
	GlobalSection(ProjectConfigurationPlatforms) = postSolution
		{419E4FE2-6403-456A-A463-6BF32C2759EC}.Debug|Any CPU.ActiveCfg = Debug|Any CPU
		{419E4FE2-6403-456A-A463-6BF32C2759EC}.Debug|Any CPU.Build.0 = Debug|Any CPU
		{419E4FE2-6403-456A-A463-6BF32C2759EC}.Release|Any CPU.ActiveCfg = Release|Any CPU
		{419E4FE2-6403-456A-A463-6BF32C2759EC}.Release|Any CPU.Build.0 = Release|Any CPU
	EndGlobalSection
	GlobalSection(SolutionProperties) = preSolution
		HideSolutionNode = FALSE
	EndGlobalSection
EndGlobal
